// !$*UTF8*$!
{
	archiveVersion = 1;
	classes = {
	};
	objectVersion = 50;
	objects = {

/* Begin PBXBuildFile section */
		846048B224FEE71900E4A2F6 /* UIImage+Extensions.swift in Sources */ = {isa = PBXBuildFile; fileRef = 846048B124FEE71900E4A2F6 /* UIImage+Extensions.swift */; };
		846048B5250467C500E4A2F6 /* AffinityLevelTableViewCell.swift in Sources */ = {isa = PBXBuildFile; fileRef = 846048B4250467C500E4A2F6 /* AffinityLevelTableViewCell.swift */; };
		846048B9250AFF3C00E4A2F6 /* Double+Extensions.swift in Sources */ = {isa = PBXBuildFile; fileRef = 846048B8250AFF3C00E4A2F6 /* Double+Extensions.swift */; };
		8468855C24E9E3150018DE60 /* Belica+Extension.swift in Sources */ = {isa = PBXBuildFile; fileRef = 8468855B24E9E3150018DE60 /* Belica+Extension.swift */; };
		8468856024EA54C40018DE60 /* ImageButtonTableViewCell.swift in Sources */ = {isa = PBXBuildFile; fileRef = 8468855F24EA54C40018DE60 /* ImageButtonTableViewCell.swift */; };
		8468856224EB9FAD0018DE60 /* Hero.swift in Sources */ = {isa = PBXBuildFile; fileRef = 8468856124EB9FAD0018DE60 /* Hero.swift */; };
		8468856424EBA1800018DE60 /* HeroViewController.swift in Sources */ = {isa = PBXBuildFile; fileRef = 8468856324EBA1800018DE60 /* HeroViewController.swift */; };
		8468856624EC6BCF0018DE60 /* HeroStatsTableViewCell.swift in Sources */ = {isa = PBXBuildFile; fileRef = 8468856524EC6BCF0018DE60 /* HeroStatsTableViewCell.swift */; };
		8468856824ED97B30018DE60 /* LMBAbilityTableViewCell.swift in Sources */ = {isa = PBXBuildFile; fileRef = 8468856724ED97B30018DE60 /* LMBAbilityTableViewCell.swift */; };
		8468856A24EE2F6F0018DE60 /* Ability.swift in Sources */ = {isa = PBXBuildFile; fileRef = 8468856924EE2F6F0018DE60 /* Ability.swift */; };
		8468856C24EE3F480018DE60 /* HeroData.swift in Sources */ = {isa = PBXBuildFile; fileRef = 8468856B24EE3F480018DE60 /* HeroData.swift */; };
		8468856F24EE4D9B0018DE60 /* LMBAbility.swift in Sources */ = {isa = PBXBuildFile; fileRef = 8468856E24EE4D9B0018DE60 /* LMBAbility.swift */; };
		8468857124EF8E8E0018DE60 /* FBTableViewCell.swift in Sources */ = {isa = PBXBuildFile; fileRef = 8468857024EF8E8E0018DE60 /* FBTableViewCell.swift */; };
		8468857324F1A8FB0018DE60 /* ItemAttribute.swift in Sources */ = {isa = PBXBuildFile; fileRef = 8468857224F1A8FB0018DE60 /* ItemAttribute.swift */; };
		8468857624F1D8470018DE60 /* ItemBuilderViewController.swift in Sources */ = {isa = PBXBuildFile; fileRef = 8468857524F1D8470018DE60 /* ItemBuilderViewController.swift */; };
		8468857824F357910018DE60 /* ItemFilterTableViewCell.swift in Sources */ = {isa = PBXBuildFile; fileRef = 8468857724F357910018DE60 /* ItemFilterTableViewCell.swift */; };
		8468857C24F3865F0018DE60 /* StackViewFactory.swift in Sources */ = {isa = PBXBuildFile; fileRef = 8468857B24F3865F0018DE60 /* StackViewFactory.swift */; };
		8469066A250CA66B007CC039 /* SelectItemFilterViewController.swift in Sources */ = {isa = PBXBuildFile; fileRef = 84690669250CA66B007CC039 /* SelectItemFilterViewController.swift */; };
		8469066C250EBD81007CC039 /* SelectAffinityViewController.swift in Sources */ = {isa = PBXBuildFile; fileRef = 8469066B250EBD81007CC039 /* SelectAffinityViewController.swift */; };
		8469066E250F56D8007CC039 /* ItemAffinity.swift in Sources */ = {isa = PBXBuildFile; fileRef = 8469066D250F56D8007CC039 /* ItemAffinity.swift */; };
		846906702511556C007CC039 /* Boris.swift in Sources */ = {isa = PBXBuildFile; fileRef = 8469066F2511556C007CC039 /* Boris.swift */; };
		846906722511576F007CC039 /* Boris+Extension.swift in Sources */ = {isa = PBXBuildFile; fileRef = 846906712511576F007CC039 /* Boris+Extension.swift */; };
		8469067625116414007CC039 /* HeroCommon.swift in Sources */ = {isa = PBXBuildFile; fileRef = 8469067525116414007CC039 /* HeroCommon.swift */; };
		846906782511C8BD007CC039 /* HeroInfo.swift in Sources */ = {isa = PBXBuildFile; fileRef = 846906772511C8BD007CC039 /* HeroInfo.swift */; };
		8469067A2511CF18007CC039 /* Countess.swift in Sources */ = {isa = PBXBuildFile; fileRef = 846906792511CF18007CC039 /* Countess.swift */; };
		8469067C2511E9E0007CC039 /* Countess+Extension.swift in Sources */ = {isa = PBXBuildFile; fileRef = 8469067B2511E9E0007CC039 /* Countess+Extension.swift */; };
		8469067E25132F88007CC039 /* Dekker.swift in Sources */ = {isa = PBXBuildFile; fileRef = 8469067D25132F88007CC039 /* Dekker.swift */; };
		84690680251331B0007CC039 /* Dekker+Extension.swift in Sources */ = {isa = PBXBuildFile; fileRef = 8469067F251331B0007CC039 /* Dekker+Extension.swift */; };
		8469068225174801007CC039 /* Gideon.swift in Sources */ = {isa = PBXBuildFile; fileRef = 8469068125174800007CC039 /* Gideon.swift */; };
		8469068425174BFA007CC039 /* Gideon+Extension.swift in Sources */ = {isa = PBXBuildFile; fileRef = 8469068325174BFA007CC039 /* Gideon+Extension.swift */; };
		84690686251751EA007CC039 /* Greystone.swift in Sources */ = {isa = PBXBuildFile; fileRef = 84690685251751E9007CC039 /* Greystone.swift */; };
		8469068825175201007CC039 /* Greystone+Extension.swift in Sources */ = {isa = PBXBuildFile; fileRef = 8469068725175201007CC039 /* Greystone+Extension.swift */; };
		8469068A25175D68007CC039 /* Grim.swift in Sources */ = {isa = PBXBuildFile; fileRef = 8469068925175D67007CC039 /* Grim.swift */; };
		8469068C25175D7C007CC039 /* Grim+Extension.swift in Sources */ = {isa = PBXBuildFile; fileRef = 8469068B25175D7C007CC039 /* Grim+Extension.swift */; };
		8469068E2517E8E0007CC039 /* Khaimera.swift in Sources */ = {isa = PBXBuildFile; fileRef = 8469068D2517E8E0007CC039 /* Khaimera.swift */; };
		846906902517E8F9007CC039 /* Khaimera+Extension.swift in Sources */ = {isa = PBXBuildFile; fileRef = 8469068F2517E8F9007CC039 /* Khaimera+Extension.swift */; };
		846906922517F1CE007CC039 /* Kwang.swift in Sources */ = {isa = PBXBuildFile; fileRef = 846906912517F1CD007CC039 /* Kwang.swift */; };
		846906942517F1E9007CC039 /* Kwang+Extension.swift in Sources */ = {isa = PBXBuildFile; fileRef = 846906932517F1E9007CC039 /* Kwang+Extension.swift */; };
		846906962517FF37007CC039 /* Murdock.swift in Sources */ = {isa = PBXBuildFile; fileRef = 846906952517FF37007CC039 /* Murdock.swift */; };
		846906982517FF4E007CC039 /* Murdock+Extension.swift in Sources */ = {isa = PBXBuildFile; fileRef = 846906972517FF4D007CC039 /* Murdock+Extension.swift */; };
		8469069A25180735007CC039 /* Muriel.swift in Sources */ = {isa = PBXBuildFile; fileRef = 8469069925180734007CC039 /* Muriel.swift */; };
		8469069C25181A2E007CC039 /* Muriel+Extension.swift in Sources */ = {isa = PBXBuildFile; fileRef = 8469069B25181A2E007CC039 /* Muriel+Extension.swift */; };
		8469069E25181D64007CC039 /* Narbash.swift in Sources */ = {isa = PBXBuildFile; fileRef = 8469069D25181D64007CC039 /* Narbash.swift */; };
		846906A025181DA2007CC039 /* Narbash+Extension.swift in Sources */ = {isa = PBXBuildFile; fileRef = 8469069F25181DA2007CC039 /* Narbash+Extension.swift */; };
		846906A225182AA9007CC039 /* Sevaraog.swift in Sources */ = {isa = PBXBuildFile; fileRef = 846906A125182AA9007CC039 /* Sevaraog.swift */; };
		846906A425182ACB007CC039 /* Sevarog+Extension.swift in Sources */ = {isa = PBXBuildFile; fileRef = 846906A325182ACB007CC039 /* Sevarog+Extension.swift */; };
		846906A625182E6E007CC039 /* Sparrow.swift in Sources */ = {isa = PBXBuildFile; fileRef = 846906A525182E6E007CC039 /* Sparrow.swift */; };
		846906A825182E9D007CC039 /* Sparrow+Extension.swift in Sources */ = {isa = PBXBuildFile; fileRef = 846906A725182E9D007CC039 /* Sparrow+Extension.swift */; };
		846906AA251833DD007CC039 /* Steel.swift in Sources */ = {isa = PBXBuildFile; fileRef = 846906A9251833DD007CC039 /* Steel.swift */; };
		846906AC251833EA007CC039 /* Steel+Extension.swift in Sources */ = {isa = PBXBuildFile; fileRef = 846906AB251833EA007CC039 /* Steel+Extension.swift */; };
		846906AE25184119007CC039 /* Twinblast.swift in Sources */ = {isa = PBXBuildFile; fileRef = 846906AD25184119007CC039 /* Twinblast.swift */; };
		846906B025184128007CC039 /* Twinblast+Extension.swift in Sources */ = {isa = PBXBuildFile; fileRef = 846906AF25184128007CC039 /* Twinblast+Extension.swift */; };
		846906B225188C48007CC039 /* HeroRole.swift in Sources */ = {isa = PBXBuildFile; fileRef = 846906B125188C47007CC039 /* HeroRole.swift */; };
		846906B42518906A007CC039 /* UIPickerTableViewCell.swift in Sources */ = {isa = PBXBuildFile; fileRef = 846906B32518906A007CC039 /* UIPickerTableViewCell.swift */; };
		84A3C44724E91D1C00DFDE5C /* Belica.swift in Sources */ = {isa = PBXBuildFile; fileRef = 84A3C44624E91D1C00DFDE5C /* Belica.swift */; };
		84AA320D24D7591C0020D08A /* AppDelegate.swift in Sources */ = {isa = PBXBuildFile; fileRef = 84AA320C24D7591C0020D08A /* AppDelegate.swift */; };
		84AA320F24D7591C0020D08A /* SceneDelegate.swift in Sources */ = {isa = PBXBuildFile; fileRef = 84AA320E24D7591C0020D08A /* SceneDelegate.swift */; };
		84AA321924D7591C0020D08A /* Fault_Build.xcdatamodeld in Sources */ = {isa = PBXBuildFile; fileRef = 84AA321724D7591C0020D08A /* Fault_Build.xcdatamodeld */; };
		84AA321B24D759200020D08A /* Assets.xcassets in Resources */ = {isa = PBXBuildFile; fileRef = 84AA321A24D759200020D08A /* Assets.xcassets */; };
		84AA322924D759210020D08A /* Fault_BuildTests.swift in Sources */ = {isa = PBXBuildFile; fileRef = 84AA322824D759210020D08A /* Fault_BuildTests.swift */; };
		84AA323824D75A740020D08A /* LoginLandingViewController.swift in Sources */ = {isa = PBXBuildFile; fileRef = 84AA323724D75A740020D08A /* LoginLandingViewController.swift */; };
		84AA323E24D78D410020D08A /* String+Extensions.swift in Sources */ = {isa = PBXBuildFile; fileRef = 84AA323D24D78D410020D08A /* String+Extensions.swift */; };
		84AA323F24D7B5E90020D08A /* Localizable.strings in Resources */ = {isa = PBXBuildFile; fileRef = 84AA324124D7B5E90020D08A /* Localizable.strings */; };
		84AA324424D7BCAB0020D08A /* MainLandingPageViewController.swift in Sources */ = {isa = PBXBuildFile; fileRef = 84AA324324D7BCAB0020D08A /* MainLandingPageViewController.swift */; };
		84AA324B24D7BD370020D08A /* ProfileViewController.swift in Sources */ = {isa = PBXBuildFile; fileRef = 84AA324A24D7BD370020D08A /* ProfileViewController.swift */; };
		84AA324D24D7BD470020D08A /* ItemListViewController.swift in Sources */ = {isa = PBXBuildFile; fileRef = 84AA324C24D7BD470020D08A /* ItemListViewController.swift */; };
		84AA324F24D7BD860020D08A /* HeroListViewController.swift in Sources */ = {isa = PBXBuildFile; fileRef = 84AA324E24D7BD860020D08A /* HeroListViewController.swift */; };
		84AA325124D7BDA90020D08A /* LeaderboardViewController.swift in Sources */ = {isa = PBXBuildFile; fileRef = 84AA325024D7BDA90020D08A /* LeaderboardViewController.swift */; };
		84AA325324D7D2250020D08A /* BaseViewController.swift in Sources */ = {isa = PBXBuildFile; fileRef = 84AA325224D7D2250020D08A /* BaseViewController.swift */; };
		84AA325624D8EECE0020D08A /* Constants.swift in Sources */ = {isa = PBXBuildFile; fileRef = 84AA325524D8EECE0020D08A /* Constants.swift */; };
		84AA325824D8F3A80020D08A /* Theme.swift in Sources */ = {isa = PBXBuildFile; fileRef = 84AA325724D8F3A80020D08A /* Theme.swift */; };
		84AA325B24D908560020D08A /* GameItemData.swift in Sources */ = {isa = PBXBuildFile; fileRef = 84AA325A24D908560020D08A /* GameItemData.swift */; };
		84AA325E24DA1C6C0020D08A /* FaultAPI.swift in Sources */ = {isa = PBXBuildFile; fileRef = 84AA325D24DA1C6C0020D08A /* FaultAPI.swift */; };
		84AA326024DA22EC0020D08A /* Resource.swift in Sources */ = {isa = PBXBuildFile; fileRef = 84AA325F24DA22EC0020D08A /* Resource.swift */; };
		84AA326224DA27CA0020D08A /* Result.swift in Sources */ = {isa = PBXBuildFile; fileRef = 84AA326124DA27CA0020D08A /* Result.swift */; };
		84AA326524DA48DF0020D08A /* URLRequest+Resource.swift in Sources */ = {isa = PBXBuildFile; fileRef = 84AA326424DA48DF0020D08A /* URLRequest+Resource.swift */; };
		84AA326724DA4BD60020D08A /* APIClient.swift in Sources */ = {isa = PBXBuildFile; fileRef = 84AA326624DA4BD60020D08A /* APIClient.swift */; };
		84AA326924DA5D0A0020D08A /* FaultDataRepository.swift in Sources */ = {isa = PBXBuildFile; fileRef = 84AA326824DA5D0A0020D08A /* FaultDataRepository.swift */; };
		84AA326B24DB687D0020D08A /* UIColor+Extensions.swift in Sources */ = {isa = PBXBuildFile; fileRef = 84AA326A24DB687D0020D08A /* UIColor+Extensions.swift */; };
		84AA326E24DBBC270020D08A /* GameItem.swift in Sources */ = {isa = PBXBuildFile; fileRef = 84AA326D24DBBC270020D08A /* GameItem.swift */; };
		84AA327024DD367B0020D08A /* FaultBuildHelper.swift in Sources */ = {isa = PBXBuildFile; fileRef = 84AA326F24DD367B0020D08A /* FaultBuildHelper.swift */; };
		84AA327224E248D10020D08A /* ItemViewController.swift in Sources */ = {isa = PBXBuildFile; fileRef = 84AA327124E248D10020D08A /* ItemViewController.swift */; };
		84DB29A524E8C44200465587 /* CellFactory.swift in Sources */ = {isa = PBXBuildFile; fileRef = 84DB29A424E8C44200465587 /* CellFactory.swift */; };
		84FDE3242519DFB600155A8C /* LaunchScreen.storyboard in Resources */ = {isa = PBXBuildFile; fileRef = 84FDE3232519DFB600155A8C /* LaunchScreen.storyboard */; };
		84FDE32C251BCBFC00155A8C /* HeroRoles.swift in Sources */ = {isa = PBXBuildFile; fileRef = 84FDE32B251BCBFC00155A8C /* HeroRoles.swift */; };
		84FDE330251BE43D00155A8C /* SelectHeroFilterViewController.swift in Sources */ = {isa = PBXBuildFile; fileRef = 84FDE32F251BE43C00155A8C /* SelectHeroFilterViewController.swift */; };
/* End PBXBuildFile section */

/* Begin PBXContainerItemProxy section */
		84AA322524D759210020D08A /* PBXContainerItemProxy */ = {
			isa = PBXContainerItemProxy;
			containerPortal = 84AA320124D7591C0020D08A /* Project object */;
			proxyType = 1;
			remoteGlobalIDString = 84AA320824D7591C0020D08A;
			remoteInfo = "Fault Build";
		};
/* End PBXContainerItemProxy section */

/* Begin PBXFileReference section */
		846048B124FEE71900E4A2F6 /* UIImage+Extensions.swift */ = {isa = PBXFileReference; lastKnownFileType = sourcecode.swift; path = "UIImage+Extensions.swift"; sourceTree = "<group>"; };
		846048B4250467C500E4A2F6 /* AffinityLevelTableViewCell.swift */ = {isa = PBXFileReference; lastKnownFileType = sourcecode.swift; path = AffinityLevelTableViewCell.swift; sourceTree = "<group>"; };
		846048B8250AFF3C00E4A2F6 /* Double+Extensions.swift */ = {isa = PBXFileReference; lastKnownFileType = sourcecode.swift; path = "Double+Extensions.swift"; sourceTree = "<group>"; };
		8468855B24E9E3150018DE60 /* Belica+Extension.swift */ = {isa = PBXFileReference; lastKnownFileType = sourcecode.swift; path = "Belica+Extension.swift"; sourceTree = "<group>"; };
		8468855F24EA54C40018DE60 /* ImageButtonTableViewCell.swift */ = {isa = PBXFileReference; lastKnownFileType = sourcecode.swift; path = ImageButtonTableViewCell.swift; sourceTree = "<group>"; };
		8468856124EB9FAD0018DE60 /* Hero.swift */ = {isa = PBXFileReference; lastKnownFileType = sourcecode.swift; path = Hero.swift; sourceTree = "<group>"; };
		8468856324EBA1800018DE60 /* HeroViewController.swift */ = {isa = PBXFileReference; lastKnownFileType = sourcecode.swift; path = HeroViewController.swift; sourceTree = "<group>"; };
		8468856524EC6BCF0018DE60 /* HeroStatsTableViewCell.swift */ = {isa = PBXFileReference; lastKnownFileType = sourcecode.swift; path = HeroStatsTableViewCell.swift; sourceTree = "<group>"; };
		8468856724ED97B30018DE60 /* LMBAbilityTableViewCell.swift */ = {isa = PBXFileReference; lastKnownFileType = sourcecode.swift; path = LMBAbilityTableViewCell.swift; sourceTree = "<group>"; };
		8468856924EE2F6F0018DE60 /* Ability.swift */ = {isa = PBXFileReference; lastKnownFileType = sourcecode.swift; path = Ability.swift; sourceTree = "<group>"; };
		8468856B24EE3F480018DE60 /* HeroData.swift */ = {isa = PBXFileReference; lastKnownFileType = sourcecode.swift; path = HeroData.swift; sourceTree = "<group>"; };
		8468856E24EE4D9B0018DE60 /* LMBAbility.swift */ = {isa = PBXFileReference; lastKnownFileType = sourcecode.swift; path = LMBAbility.swift; sourceTree = "<group>"; };
		8468857024EF8E8E0018DE60 /* FBTableViewCell.swift */ = {isa = PBXFileReference; lastKnownFileType = sourcecode.swift; path = FBTableViewCell.swift; sourceTree = "<group>"; };
		8468857224F1A8FB0018DE60 /* ItemAttribute.swift */ = {isa = PBXFileReference; lastKnownFileType = sourcecode.swift; path = ItemAttribute.swift; sourceTree = "<group>"; };
		8468857524F1D8470018DE60 /* ItemBuilderViewController.swift */ = {isa = PBXFileReference; lastKnownFileType = sourcecode.swift; path = ItemBuilderViewController.swift; sourceTree = "<group>"; };
		8468857724F357910018DE60 /* ItemFilterTableViewCell.swift */ = {isa = PBXFileReference; lastKnownFileType = sourcecode.swift; path = ItemFilterTableViewCell.swift; sourceTree = "<group>"; };
		8468857B24F3865F0018DE60 /* StackViewFactory.swift */ = {isa = PBXFileReference; lastKnownFileType = sourcecode.swift; path = StackViewFactory.swift; sourceTree = "<group>"; };
		84690669250CA66B007CC039 /* SelectItemFilterViewController.swift */ = {isa = PBXFileReference; lastKnownFileType = sourcecode.swift; path = SelectItemFilterViewController.swift; sourceTree = "<group>"; };
		8469066B250EBD81007CC039 /* SelectAffinityViewController.swift */ = {isa = PBXFileReference; lastKnownFileType = sourcecode.swift; path = SelectAffinityViewController.swift; sourceTree = "<group>"; };
		8469066D250F56D8007CC039 /* ItemAffinity.swift */ = {isa = PBXFileReference; lastKnownFileType = sourcecode.swift; path = ItemAffinity.swift; sourceTree = "<group>"; };
		8469066F2511556C007CC039 /* Boris.swift */ = {isa = PBXFileReference; lastKnownFileType = sourcecode.swift; path = Boris.swift; sourceTree = "<group>"; };
		846906712511576F007CC039 /* Boris+Extension.swift */ = {isa = PBXFileReference; lastKnownFileType = sourcecode.swift; path = "Boris+Extension.swift"; sourceTree = "<group>"; };
		8469067525116414007CC039 /* HeroCommon.swift */ = {isa = PBXFileReference; lastKnownFileType = sourcecode.swift; path = HeroCommon.swift; sourceTree = "<group>"; };
		846906772511C8BD007CC039 /* HeroInfo.swift */ = {isa = PBXFileReference; lastKnownFileType = sourcecode.swift; path = HeroInfo.swift; sourceTree = "<group>"; };
		846906792511CF18007CC039 /* Countess.swift */ = {isa = PBXFileReference; lastKnownFileType = sourcecode.swift; path = Countess.swift; sourceTree = "<group>"; };
		8469067B2511E9E0007CC039 /* Countess+Extension.swift */ = {isa = PBXFileReference; lastKnownFileType = sourcecode.swift; path = "Countess+Extension.swift"; sourceTree = "<group>"; };
		8469067D25132F88007CC039 /* Dekker.swift */ = {isa = PBXFileReference; lastKnownFileType = sourcecode.swift; path = Dekker.swift; sourceTree = "<group>"; };
		8469067F251331B0007CC039 /* Dekker+Extension.swift */ = {isa = PBXFileReference; lastKnownFileType = sourcecode.swift; path = "Dekker+Extension.swift"; sourceTree = "<group>"; };
		8469068125174800007CC039 /* Gideon.swift */ = {isa = PBXFileReference; lastKnownFileType = sourcecode.swift; path = Gideon.swift; sourceTree = "<group>"; };
		8469068325174BFA007CC039 /* Gideon+Extension.swift */ = {isa = PBXFileReference; lastKnownFileType = sourcecode.swift; path = "Gideon+Extension.swift"; sourceTree = "<group>"; };
		84690685251751E9007CC039 /* Greystone.swift */ = {isa = PBXFileReference; lastKnownFileType = sourcecode.swift; path = Greystone.swift; sourceTree = "<group>"; };
		8469068725175201007CC039 /* Greystone+Extension.swift */ = {isa = PBXFileReference; lastKnownFileType = sourcecode.swift; path = "Greystone+Extension.swift"; sourceTree = "<group>"; };
		8469068925175D67007CC039 /* Grim.swift */ = {isa = PBXFileReference; lastKnownFileType = sourcecode.swift; path = Grim.swift; sourceTree = "<group>"; };
		8469068B25175D7C007CC039 /* Grim+Extension.swift */ = {isa = PBXFileReference; lastKnownFileType = sourcecode.swift; path = "Grim+Extension.swift"; sourceTree = "<group>"; };
		8469068D2517E8E0007CC039 /* Khaimera.swift */ = {isa = PBXFileReference; lastKnownFileType = sourcecode.swift; path = Khaimera.swift; sourceTree = "<group>"; };
		8469068F2517E8F9007CC039 /* Khaimera+Extension.swift */ = {isa = PBXFileReference; lastKnownFileType = sourcecode.swift; path = "Khaimera+Extension.swift"; sourceTree = "<group>"; };
		846906912517F1CD007CC039 /* Kwang.swift */ = {isa = PBXFileReference; lastKnownFileType = sourcecode.swift; path = Kwang.swift; sourceTree = "<group>"; };
		846906932517F1E9007CC039 /* Kwang+Extension.swift */ = {isa = PBXFileReference; lastKnownFileType = sourcecode.swift; path = "Kwang+Extension.swift"; sourceTree = "<group>"; };
		846906952517FF37007CC039 /* Murdock.swift */ = {isa = PBXFileReference; lastKnownFileType = sourcecode.swift; path = Murdock.swift; sourceTree = "<group>"; };
		846906972517FF4D007CC039 /* Murdock+Extension.swift */ = {isa = PBXFileReference; lastKnownFileType = sourcecode.swift; path = "Murdock+Extension.swift"; sourceTree = "<group>"; };
		8469069925180734007CC039 /* Muriel.swift */ = {isa = PBXFileReference; lastKnownFileType = sourcecode.swift; path = Muriel.swift; sourceTree = "<group>"; };
		8469069B25181A2E007CC039 /* Muriel+Extension.swift */ = {isa = PBXFileReference; lastKnownFileType = sourcecode.swift; path = "Muriel+Extension.swift"; sourceTree = "<group>"; };
		8469069D25181D64007CC039 /* Narbash.swift */ = {isa = PBXFileReference; lastKnownFileType = sourcecode.swift; path = Narbash.swift; sourceTree = "<group>"; };
		8469069F25181DA2007CC039 /* Narbash+Extension.swift */ = {isa = PBXFileReference; lastKnownFileType = sourcecode.swift; path = "Narbash+Extension.swift"; sourceTree = "<group>"; };
		846906A125182AA9007CC039 /* Sevaraog.swift */ = {isa = PBXFileReference; lastKnownFileType = sourcecode.swift; path = Sevaraog.swift; sourceTree = "<group>"; };
		846906A325182ACB007CC039 /* Sevarog+Extension.swift */ = {isa = PBXFileReference; lastKnownFileType = sourcecode.swift; path = "Sevarog+Extension.swift"; sourceTree = "<group>"; };
		846906A525182E6E007CC039 /* Sparrow.swift */ = {isa = PBXFileReference; lastKnownFileType = sourcecode.swift; path = Sparrow.swift; sourceTree = "<group>"; };
		846906A725182E9D007CC039 /* Sparrow+Extension.swift */ = {isa = PBXFileReference; lastKnownFileType = sourcecode.swift; path = "Sparrow+Extension.swift"; sourceTree = "<group>"; };
		846906A9251833DD007CC039 /* Steel.swift */ = {isa = PBXFileReference; lastKnownFileType = sourcecode.swift; path = Steel.swift; sourceTree = "<group>"; };
		846906AB251833EA007CC039 /* Steel+Extension.swift */ = {isa = PBXFileReference; lastKnownFileType = sourcecode.swift; path = "Steel+Extension.swift"; sourceTree = "<group>"; };
		846906AD25184119007CC039 /* Twinblast.swift */ = {isa = PBXFileReference; lastKnownFileType = sourcecode.swift; path = Twinblast.swift; sourceTree = "<group>"; };
		846906AF25184128007CC039 /* Twinblast+Extension.swift */ = {isa = PBXFileReference; lastKnownFileType = sourcecode.swift; path = "Twinblast+Extension.swift"; sourceTree = "<group>"; };
		846906B125188C47007CC039 /* HeroRole.swift */ = {isa = PBXFileReference; lastKnownFileType = sourcecode.swift; path = HeroRole.swift; sourceTree = "<group>"; };
		846906B32518906A007CC039 /* UIPickerTableViewCell.swift */ = {isa = PBXFileReference; lastKnownFileType = sourcecode.swift; path = UIPickerTableViewCell.swift; sourceTree = "<group>"; };
		84A3C44624E91D1C00DFDE5C /* Belica.swift */ = {isa = PBXFileReference; lastKnownFileType = sourcecode.swift; path = Belica.swift; sourceTree = "<group>"; };
		84AA320924D7591C0020D08A /* Fault Build.app */ = {isa = PBXFileReference; explicitFileType = wrapper.application; includeInIndex = 0; path = "Fault Build.app"; sourceTree = BUILT_PRODUCTS_DIR; };
		84AA320C24D7591C0020D08A /* AppDelegate.swift */ = {isa = PBXFileReference; lastKnownFileType = sourcecode.swift; path = AppDelegate.swift; sourceTree = "<group>"; };
		84AA320E24D7591C0020D08A /* SceneDelegate.swift */ = {isa = PBXFileReference; lastKnownFileType = sourcecode.swift; path = SceneDelegate.swift; sourceTree = "<group>"; };
		84AA321824D7591C0020D08A /* Fault_Build.xcdatamodel */ = {isa = PBXFileReference; lastKnownFileType = wrapper.xcdatamodel; path = Fault_Build.xcdatamodel; sourceTree = "<group>"; };
		84AA321A24D759200020D08A /* Assets.xcassets */ = {isa = PBXFileReference; lastKnownFileType = folder.assetcatalog; path = Assets.xcassets; sourceTree = "<group>"; };
		84AA321F24D759200020D08A /* Info.plist */ = {isa = PBXFileReference; lastKnownFileType = text.plist.xml; path = Info.plist; sourceTree = "<group>"; };
		84AA322424D759210020D08A /* Fault BuildTests.xctest */ = {isa = PBXFileReference; explicitFileType = wrapper.cfbundle; includeInIndex = 0; path = "Fault BuildTests.xctest"; sourceTree = BUILT_PRODUCTS_DIR; };
		84AA322824D759210020D08A /* Fault_BuildTests.swift */ = {isa = PBXFileReference; lastKnownFileType = sourcecode.swift; path = Fault_BuildTests.swift; sourceTree = "<group>"; };
		84AA322A24D759210020D08A /* Info.plist */ = {isa = PBXFileReference; lastKnownFileType = text.plist.xml; path = Info.plist; sourceTree = "<group>"; };
		84AA323724D75A740020D08A /* LoginLandingViewController.swift */ = {isa = PBXFileReference; lastKnownFileType = sourcecode.swift; path = LoginLandingViewController.swift; sourceTree = "<group>"; };
		84AA323D24D78D410020D08A /* String+Extensions.swift */ = {isa = PBXFileReference; lastKnownFileType = sourcecode.swift; path = "String+Extensions.swift"; sourceTree = "<group>"; };
		84AA324024D7B5E90020D08A /* en */ = {isa = PBXFileReference; lastKnownFileType = text.plist.strings; name = en; path = en.lproj/Localizable.strings; sourceTree = "<group>"; };
		84AA324324D7BCAB0020D08A /* MainLandingPageViewController.swift */ = {isa = PBXFileReference; lastKnownFileType = sourcecode.swift; path = MainLandingPageViewController.swift; sourceTree = "<group>"; };
		84AA324A24D7BD370020D08A /* ProfileViewController.swift */ = {isa = PBXFileReference; lastKnownFileType = sourcecode.swift; path = ProfileViewController.swift; sourceTree = "<group>"; };
		84AA324C24D7BD470020D08A /* ItemListViewController.swift */ = {isa = PBXFileReference; lastKnownFileType = sourcecode.swift; path = ItemListViewController.swift; sourceTree = "<group>"; };
		84AA324E24D7BD860020D08A /* HeroListViewController.swift */ = {isa = PBXFileReference; lastKnownFileType = sourcecode.swift; path = HeroListViewController.swift; sourceTree = "<group>"; };
		84AA325024D7BDA90020D08A /* LeaderboardViewController.swift */ = {isa = PBXFileReference; lastKnownFileType = sourcecode.swift; path = LeaderboardViewController.swift; sourceTree = "<group>"; };
		84AA325224D7D2250020D08A /* BaseViewController.swift */ = {isa = PBXFileReference; lastKnownFileType = sourcecode.swift; path = BaseViewController.swift; sourceTree = "<group>"; };
		84AA325524D8EECE0020D08A /* Constants.swift */ = {isa = PBXFileReference; lastKnownFileType = sourcecode.swift; path = Constants.swift; sourceTree = "<group>"; };
		84AA325724D8F3A80020D08A /* Theme.swift */ = {isa = PBXFileReference; lastKnownFileType = sourcecode.swift; path = Theme.swift; sourceTree = "<group>"; };
		84AA325A24D908560020D08A /* GameItemData.swift */ = {isa = PBXFileReference; lastKnownFileType = sourcecode.swift; path = GameItemData.swift; sourceTree = "<group>"; };
		84AA325D24DA1C6C0020D08A /* FaultAPI.swift */ = {isa = PBXFileReference; lastKnownFileType = sourcecode.swift; path = FaultAPI.swift; sourceTree = "<group>"; };
		84AA325F24DA22EC0020D08A /* Resource.swift */ = {isa = PBXFileReference; lastKnownFileType = sourcecode.swift; path = Resource.swift; sourceTree = "<group>"; };
		84AA326124DA27CA0020D08A /* Result.swift */ = {isa = PBXFileReference; lastKnownFileType = sourcecode.swift; path = Result.swift; sourceTree = "<group>"; };
		84AA326424DA48DF0020D08A /* URLRequest+Resource.swift */ = {isa = PBXFileReference; lastKnownFileType = sourcecode.swift; path = "URLRequest+Resource.swift"; sourceTree = "<group>"; };
		84AA326624DA4BD60020D08A /* APIClient.swift */ = {isa = PBXFileReference; lastKnownFileType = sourcecode.swift; path = APIClient.swift; sourceTree = "<group>"; };
		84AA326824DA5D0A0020D08A /* FaultDataRepository.swift */ = {isa = PBXFileReference; lastKnownFileType = sourcecode.swift; path = FaultDataRepository.swift; sourceTree = "<group>"; };
		84AA326A24DB687D0020D08A /* UIColor+Extensions.swift */ = {isa = PBXFileReference; lastKnownFileType = sourcecode.swift; path = "UIColor+Extensions.swift"; sourceTree = "<group>"; };
		84AA326D24DBBC270020D08A /* GameItem.swift */ = {isa = PBXFileReference; lastKnownFileType = sourcecode.swift; path = GameItem.swift; sourceTree = "<group>"; };
		84AA326F24DD367B0020D08A /* FaultBuildHelper.swift */ = {isa = PBXFileReference; lastKnownFileType = sourcecode.swift; path = FaultBuildHelper.swift; sourceTree = "<group>"; };
		84AA327124E248D10020D08A /* ItemViewController.swift */ = {isa = PBXFileReference; lastKnownFileType = sourcecode.swift; path = ItemViewController.swift; sourceTree = "<group>"; };
		84DB29A424E8C44200465587 /* CellFactory.swift */ = {isa = PBXFileReference; lastKnownFileType = sourcecode.swift; path = CellFactory.swift; sourceTree = "<group>"; };
		84FDE3232519DFB600155A8C /* LaunchScreen.storyboard */ = {isa = PBXFileReference; lastKnownFileType = file.storyboard; path = LaunchScreen.storyboard; sourceTree = "<group>"; };
		84FDE32B251BCBFC00155A8C /* HeroRoles.swift */ = {isa = PBXFileReference; lastKnownFileType = sourcecode.swift; path = HeroRoles.swift; sourceTree = "<group>"; };
		84FDE32F251BE43C00155A8C /* SelectHeroFilterViewController.swift */ = {isa = PBXFileReference; lastKnownFileType = sourcecode.swift; path = SelectHeroFilterViewController.swift; sourceTree = "<group>"; };
/* End PBXFileReference section */

/* Begin PBXFrameworksBuildPhase section */
		84AA320624D7591C0020D08A /* Frameworks */ = {
			isa = PBXFrameworksBuildPhase;
			buildActionMask = 2147483647;
			files = (
			);
			runOnlyForDeploymentPostprocessing = 0;
		};
		84AA322124D759210020D08A /* Frameworks */ = {
			isa = PBXFrameworksBuildPhase;
			buildActionMask = 2147483647;
			files = (
			);
			runOnlyForDeploymentPostprocessing = 0;
		};
/* End PBXFrameworksBuildPhase section */

/* Begin PBXGroup section */
		846048B3250463E300E4A2F6 /* Custom Cells */ = {
			isa = PBXGroup;
			children = (
				8468855F24EA54C40018DE60 /* ImageButtonTableViewCell.swift */,
				8468856524EC6BCF0018DE60 /* HeroStatsTableViewCell.swift */,
				8468856724ED97B30018DE60 /* LMBAbilityTableViewCell.swift */,
				8468857024EF8E8E0018DE60 /* FBTableViewCell.swift */,
				8468857724F357910018DE60 /* ItemFilterTableViewCell.swift */,
				846048B4250467C500E4A2F6 /* AffinityLevelTableViewCell.swift */,
				846906B32518906A007CC039 /* UIPickerTableViewCell.swift */,
			);
			path = "Custom Cells";
			sourceTree = "<group>";
		};
		8468855D24EA347E0018DE60 /* Heroes */ = {
			isa = PBXGroup;
			children = (
				8468855B24E9E3150018DE60 /* Belica+Extension.swift */,
				84A3C44624E91D1C00DFDE5C /* Belica.swift */,
				8468856124EB9FAD0018DE60 /* Hero.swift */,
				8468856B24EE3F480018DE60 /* HeroData.swift */,
				8468856924EE2F6F0018DE60 /* Ability.swift */,
				8468856E24EE4D9B0018DE60 /* LMBAbility.swift */,
				8469066F2511556C007CC039 /* Boris.swift */,
				846906712511576F007CC039 /* Boris+Extension.swift */,
				8469067525116414007CC039 /* HeroCommon.swift */,
				846906772511C8BD007CC039 /* HeroInfo.swift */,
				846906792511CF18007CC039 /* Countess.swift */,
				8469067B2511E9E0007CC039 /* Countess+Extension.swift */,
				8469067D25132F88007CC039 /* Dekker.swift */,
				8469067F251331B0007CC039 /* Dekker+Extension.swift */,
				8469068125174800007CC039 /* Gideon.swift */,
				8469068325174BFA007CC039 /* Gideon+Extension.swift */,
				84690685251751E9007CC039 /* Greystone.swift */,
				8469068725175201007CC039 /* Greystone+Extension.swift */,
				8469068925175D67007CC039 /* Grim.swift */,
				8469068B25175D7C007CC039 /* Grim+Extension.swift */,
				8469068D2517E8E0007CC039 /* Khaimera.swift */,
				8469068F2517E8F9007CC039 /* Khaimera+Extension.swift */,
				846906912517F1CD007CC039 /* Kwang.swift */,
				846906932517F1E9007CC039 /* Kwang+Extension.swift */,
				846906952517FF37007CC039 /* Murdock.swift */,
				846906972517FF4D007CC039 /* Murdock+Extension.swift */,
				8469069925180734007CC039 /* Muriel.swift */,
				8469069B25181A2E007CC039 /* Muriel+Extension.swift */,
				8469069D25181D64007CC039 /* Narbash.swift */,
				8469069F25181DA2007CC039 /* Narbash+Extension.swift */,
				846906A125182AA9007CC039 /* Sevaraog.swift */,
				846906A325182ACB007CC039 /* Sevarog+Extension.swift */,
				846906A525182E6E007CC039 /* Sparrow.swift */,
				846906A725182E9D007CC039 /* Sparrow+Extension.swift */,
				846906A9251833DD007CC039 /* Steel.swift */,
				846906AB251833EA007CC039 /* Steel+Extension.swift */,
				846906AD25184119007CC039 /* Twinblast.swift */,
				846906AF25184128007CC039 /* Twinblast+Extension.swift */,
				84FDE32B251BCBFC00155A8C /* HeroRoles.swift */,
			);
			path = Heroes;
			sourceTree = "<group>";
		};
		8468855E24EA54930018DE60 /* UI */ = {
			isa = PBXGroup;
			children = (
				846048B3250463E300E4A2F6 /* Custom Cells */,
			);
			path = UI;
			sourceTree = "<group>";
		};
		8468856D24EE4B710018DE60 /* Items */ = {
			isa = PBXGroup;
			children = (
				84AA325A24D908560020D08A /* GameItemData.swift */,
				8468857224F1A8FB0018DE60 /* ItemAttribute.swift */,
				8469066D250F56D8007CC039 /* ItemAffinity.swift */,
			);
			path = Items;
			sourceTree = "<group>";
		};
		8468857424F1D7D90018DE60 /* Builder */ = {
			isa = PBXGroup;
			children = (
				8468857524F1D8470018DE60 /* ItemBuilderViewController.swift */,
				8469066B250EBD81007CC039 /* SelectAffinityViewController.swift */,
			);
			path = Builder;
			sourceTree = "<group>";
		};
		84AA320024D7591C0020D08A = {
			isa = PBXGroup;
			children = (
				84FDE3232519DFB600155A8C /* LaunchScreen.storyboard */,
				84AA320B24D7591C0020D08A /* Fault Build */,
				84AA322724D759210020D08A /* Fault BuildTests */,
				84AA320A24D7591C0020D08A /* Products */,
			);
			sourceTree = "<group>";
		};
		84AA320A24D7591C0020D08A /* Products */ = {
			isa = PBXGroup;
			children = (
				84AA320924D7591C0020D08A /* Fault Build.app */,
				84AA322424D759210020D08A /* Fault BuildTests.xctest */,
			);
			name = Products;
			sourceTree = "<group>";
		};
		84AA320B24D7591C0020D08A /* Fault Build */ = {
			isa = PBXGroup;
			children = (
				8468855E24EA54930018DE60 /* UI */,
				84DB29A324E8C38A00465587 /* Helper */,
				84AA326F24DD367B0020D08A /* FaultBuildHelper.swift */,
				84AA326324DA48A30020D08A /* Extensions */,
				84AA325424D8EEB10020D08A /* Theme */,
				84AA325924D908310020D08A /* Data */,
				84AA324224D7B6170020D08A /* ViewController */,
				84AA323924D78B610020D08A /* Localization */,
				84AA320C24D7591C0020D08A /* AppDelegate.swift */,
				84AA320E24D7591C0020D08A /* SceneDelegate.swift */,
				84AA321A24D759200020D08A /* Assets.xcassets */,
				84AA321F24D759200020D08A /* Info.plist */,
				84AA321724D7591C0020D08A /* Fault_Build.xcdatamodeld */,
			);
			path = "Fault Build";
			sourceTree = "<group>";
		};
		84AA322724D759210020D08A /* Fault BuildTests */ = {
			isa = PBXGroup;
			children = (
				84AA322824D759210020D08A /* Fault_BuildTests.swift */,
				84AA322A24D759210020D08A /* Info.plist */,
			);
			path = "Fault BuildTests";
			sourceTree = "<group>";
		};
		84AA323924D78B610020D08A /* Localization */ = {
			isa = PBXGroup;
			children = (
				84AA324124D7B5E90020D08A /* Localizable.strings */,
			);
			path = Localization;
			sourceTree = "<group>";
		};
		84AA324224D7B6170020D08A /* ViewController */ = {
			isa = PBXGroup;
			children = (
				8468857424F1D7D90018DE60 /* Builder */,
				84AA325224D7D2250020D08A /* BaseViewController.swift */,
				84AA323724D75A740020D08A /* LoginLandingViewController.swift */,
				84AA324324D7BCAB0020D08A /* MainLandingPageViewController.swift */,
				84AA324924D7BD070020D08A /* Leaderboard */,
				84AA324624D7BCEC0020D08A /* Items */,
				84AA324524D7BCDC0020D08A /* Profile */,
				84AA324824D7BCFF0020D08A /* Heroes */,
			);
			path = ViewController;
			sourceTree = "<group>";
		};
		84AA324524D7BCDC0020D08A /* Profile */ = {
			isa = PBXGroup;
			children = (
				84AA324A24D7BD370020D08A /* ProfileViewController.swift */,
			);
			path = Profile;
			sourceTree = "<group>";
		};
		84AA324624D7BCEC0020D08A /* Items */ = {
			isa = PBXGroup;
			children = (
				84AA324724D7BCF60020D08A /* ItemsBuilds */,
				84AA324C24D7BD470020D08A /* ItemListViewController.swift */,
				84690669250CA66B007CC039 /* SelectItemFilterViewController.swift */,
				84AA326D24DBBC270020D08A /* GameItem.swift */,
				84AA327124E248D10020D08A /* ItemViewController.swift */,
			);
			path = Items;
			sourceTree = "<group>";
		};
		84AA324724D7BCF60020D08A /* ItemsBuilds */ = {
			isa = PBXGroup;
			children = (
			);
			path = ItemsBuilds;
			sourceTree = "<group>";
		};
		84AA324824D7BCFF0020D08A /* Heroes */ = {
			isa = PBXGroup;
			children = (
				84AA324E24D7BD860020D08A /* HeroListViewController.swift */,
				8468856324EBA1800018DE60 /* HeroViewController.swift */,
				84FDE32F251BE43C00155A8C /* SelectHeroFilterViewController.swift */,
			);
			path = Heroes;
			sourceTree = "<group>";
		};
		84AA324924D7BD070020D08A /* Leaderboard */ = {
			isa = PBXGroup;
			children = (
				84AA325024D7BDA90020D08A /* LeaderboardViewController.swift */,
			);
			path = Leaderboard;
			sourceTree = "<group>";
		};
		84AA325424D8EEB10020D08A /* Theme */ = {
			isa = PBXGroup;
			children = (
				84AA325724D8F3A80020D08A /* Theme.swift */,
			);
			path = Theme;
			sourceTree = "<group>";
		};
		84AA325924D908310020D08A /* Data */ = {
			isa = PBXGroup;
			children = (
				84AA325524D8EECE0020D08A /* Constants.swift */,
				8468856D24EE4B710018DE60 /* Items */,
				8468855D24EA347E0018DE60 /* Heroes */,
				84AA325C24DA1C350020D08A /* API */,
				84AA326824DA5D0A0020D08A /* FaultDataRepository.swift */,
				846906B125188C47007CC039 /* HeroRole.swift */,
			);
			path = Data;
			sourceTree = "<group>";
		};
		84AA325C24DA1C350020D08A /* API */ = {
			isa = PBXGroup;
			children = (
				84AA325D24DA1C6C0020D08A /* FaultAPI.swift */,
				84AA325F24DA22EC0020D08A /* Resource.swift */,
				84AA326124DA27CA0020D08A /* Result.swift */,
				84AA326624DA4BD60020D08A /* APIClient.swift */,
			);
			path = API;
			sourceTree = "<group>";
		};
		84AA326324DA48A30020D08A /* Extensions */ = {
			isa = PBXGroup;
			children = (
				846048B124FEE71900E4A2F6 /* UIImage+Extensions.swift */,
				84AA323D24D78D410020D08A /* String+Extensions.swift */,
				84AA326424DA48DF0020D08A /* URLRequest+Resource.swift */,
				84AA326A24DB687D0020D08A /* UIColor+Extensions.swift */,
				846048B8250AFF3C00E4A2F6 /* Double+Extensions.swift */,
			);
			name = Extensions;
			path = ../Extensions;
			sourceTree = "<group>";
		};
		84DB29A324E8C38A00465587 /* Helper */ = {
			isa = PBXGroup;
			children = (
				84DB29A424E8C44200465587 /* CellFactory.swift */,
				8468857B24F3865F0018DE60 /* StackViewFactory.swift */,
			);
			path = Helper;
			sourceTree = "<group>";
		};
/* End PBXGroup section */

/* Begin PBXNativeTarget section */
		84AA320824D7591C0020D08A /* Fault Build */ = {
			isa = PBXNativeTarget;
			buildConfigurationList = 84AA322D24D759210020D08A /* Build configuration list for PBXNativeTarget "Fault Build" */;
			buildPhases = (
				84AA320524D7591C0020D08A /* Sources */,
				84AA320624D7591C0020D08A /* Frameworks */,
				84AA320724D7591C0020D08A /* Resources */,
			);
			buildRules = (
			);
			dependencies = (
			);
			name = "Fault Build";
			productName = "Fault Build";
			productReference = 84AA320924D7591C0020D08A /* Fault Build.app */;
			productType = "com.apple.product-type.application";
		};
		84AA322324D759210020D08A /* Fault BuildTests */ = {
			isa = PBXNativeTarget;
			buildConfigurationList = 84AA323024D759210020D08A /* Build configuration list for PBXNativeTarget "Fault BuildTests" */;
			buildPhases = (
				84AA322024D759210020D08A /* Sources */,
				84AA322124D759210020D08A /* Frameworks */,
				84AA322224D759210020D08A /* Resources */,
			);
			buildRules = (
			);
			dependencies = (
				84AA322624D759210020D08A /* PBXTargetDependency */,
			);
			name = "Fault BuildTests";
			productName = "Fault BuildTests";
			productReference = 84AA322424D759210020D08A /* Fault BuildTests.xctest */;
			productType = "com.apple.product-type.bundle.unit-test";
		};
/* End PBXNativeTarget section */

/* Begin PBXProject section */
		84AA320124D7591C0020D08A /* Project object */ = {
			isa = PBXProject;
			attributes = {
				LastSwiftUpdateCheck = 1130;
				LastUpgradeCheck = 1130;
				ORGANIZATIONNAME = "JusDev Studios";
				TargetAttributes = {
					84AA320824D7591C0020D08A = {
						CreatedOnToolsVersion = 11.3.1;
					};
					84AA322324D759210020D08A = {
						CreatedOnToolsVersion = 11.3.1;
						TestTargetID = 84AA320824D7591C0020D08A;
					};
				};
			};
			buildConfigurationList = 84AA320424D7591C0020D08A /* Build configuration list for PBXProject "Fault Build" */;
			compatibilityVersion = "Xcode 9.3";
			developmentRegion = en;
			hasScannedForEncodings = 0;
			knownRegions = (
				en,
				Base,
			);
			mainGroup = 84AA320024D7591C0020D08A;
			productRefGroup = 84AA320A24D7591C0020D08A /* Products */;
			projectDirPath = "";
			projectRoot = "";
			targets = (
				84AA320824D7591C0020D08A /* Fault Build */,
				84AA322324D759210020D08A /* Fault BuildTests */,
			);
		};
/* End PBXProject section */

/* Begin PBXResourcesBuildPhase section */
		84AA320724D7591C0020D08A /* Resources */ = {
			isa = PBXResourcesBuildPhase;
			buildActionMask = 2147483647;
			files = (
				84FDE3242519DFB600155A8C /* LaunchScreen.storyboard in Resources */,
				84AA323F24D7B5E90020D08A /* Localizable.strings in Resources */,
				84AA321B24D759200020D08A /* Assets.xcassets in Resources */,
			);
			runOnlyForDeploymentPostprocessing = 0;
		};
		84AA322224D759210020D08A /* Resources */ = {
			isa = PBXResourcesBuildPhase;
			buildActionMask = 2147483647;
			files = (
			);
			runOnlyForDeploymentPostprocessing = 0;
		};
/* End PBXResourcesBuildPhase section */

/* Begin PBXSourcesBuildPhase section */
		84AA320524D7591C0020D08A /* Sources */ = {
			isa = PBXSourcesBuildPhase;
			buildActionMask = 2147483647;
			files = (
				846906AE25184119007CC039 /* Twinblast.swift in Sources */,
				846906962517FF37007CC039 /* Murdock.swift in Sources */,
				8469067A2511CF18007CC039 /* Countess.swift in Sources */,
				84AA326B24DB687D0020D08A /* UIColor+Extensions.swift in Sources */,
				846906782511C8BD007CC039 /* HeroInfo.swift in Sources */,
				84AA323824D75A740020D08A /* LoginLandingViewController.swift in Sources */,
				8468856624EC6BCF0018DE60 /* HeroStatsTableViewCell.swift in Sources */,
				8468857324F1A8FB0018DE60 /* ItemAttribute.swift in Sources */,
				846906922517F1CE007CC039 /* Kwang.swift in Sources */,
				8469068825175201007CC039 /* Greystone+Extension.swift in Sources */,
				8469066E250F56D8007CC039 /* ItemAffinity.swift in Sources */,
				846048B5250467C500E4A2F6 /* AffinityLevelTableViewCell.swift in Sources */,
				846906702511556C007CC039 /* Boris.swift in Sources */,
				84AA320D24D7591C0020D08A /* AppDelegate.swift in Sources */,
				8469066C250EBD81007CC039 /* SelectAffinityViewController.swift in Sources */,
				8469067C2511E9E0007CC039 /* Countess+Extension.swift in Sources */,
				8468857C24F3865F0018DE60 /* StackViewFactory.swift in Sources */,
				8468856824ED97B30018DE60 /* LMBAbilityTableViewCell.swift in Sources */,
				846906942517F1E9007CC039 /* Kwang+Extension.swift in Sources */,
				84690686251751EA007CC039 /* Greystone.swift in Sources */,
				84A3C44724E91D1C00DFDE5C /* Belica.swift in Sources */,
				846906B42518906A007CC039 /* UIPickerTableViewCell.swift in Sources */,
				846906A825182E9D007CC039 /* Sparrow+Extension.swift in Sources */,
				84AA325324D7D2250020D08A /* BaseViewController.swift in Sources */,
				8469068C25175D7C007CC039 /* Grim+Extension.swift in Sources */,
				846048B9250AFF3C00E4A2F6 /* Double+Extensions.swift in Sources */,
				8468857824F357910018DE60 /* ItemFilterTableViewCell.swift in Sources */,
				8468856C24EE3F480018DE60 /* HeroData.swift in Sources */,
				84AA325124D7BDA90020D08A /* LeaderboardViewController.swift in Sources */,
				84AA325B24D908560020D08A /* GameItemData.swift in Sources */,
				8468856024EA54C40018DE60 /* ImageButtonTableViewCell.swift in Sources */,
				846906902517E8F9007CC039 /* Khaimera+Extension.swift in Sources */,
				8468856F24EE4D9B0018DE60 /* LMBAbility.swift in Sources */,
				8469068425174BFA007CC039 /* Gideon+Extension.swift in Sources */,
				846906982517FF4E007CC039 /* Murdock+Extension.swift in Sources */,
				8469068A25175D68007CC039 /* Grim.swift in Sources */,
				84AA326024DA22EC0020D08A /* Resource.swift in Sources */,
				84AA327024DD367B0020D08A /* FaultBuildHelper.swift in Sources */,
				8468856424EBA1800018DE60 /* HeroViewController.swift in Sources */,
				8469067625116414007CC039 /* HeroCommon.swift in Sources */,
				84AA326724DA4BD60020D08A /* APIClient.swift in Sources */,
				84AA325824D8F3A80020D08A /* Theme.swift in Sources */,
				8469067E25132F88007CC039 /* Dekker.swift in Sources */,
				84AA320F24D7591C0020D08A /* SceneDelegate.swift in Sources */,
				8469069E25181D64007CC039 /* Narbash.swift in Sources */,
				84AA323E24D78D410020D08A /* String+Extensions.swift in Sources */,
				84AA324B24D7BD370020D08A /* ProfileViewController.swift in Sources */,
				8469068225174801007CC039 /* Gideon.swift in Sources */,
				846906A225182AA9007CC039 /* Sevaraog.swift in Sources */,
				846906A625182E6E007CC039 /* Sparrow.swift in Sources */,
				84AA326E24DBBC270020D08A /* GameItem.swift in Sources */,
				8468856224EB9FAD0018DE60 /* Hero.swift in Sources */,
				84AA324D24D7BD470020D08A /* ItemListViewController.swift in Sources */,
				846906A425182ACB007CC039 /* Sevarog+Extension.swift in Sources */,
				846048B224FEE71900E4A2F6 /* UIImage+Extensions.swift in Sources */,
				84FDE32C251BCBFC00155A8C /* HeroRoles.swift in Sources */,
				8468857124EF8E8E0018DE60 /* FBTableViewCell.swift in Sources */,
				8469068E2517E8E0007CC039 /* Khaimera.swift in Sources */,
				846906AA251833DD007CC039 /* Steel.swift in Sources */,
				84AA325E24DA1C6C0020D08A /* FaultAPI.swift in Sources */,
				84AA326924DA5D0A0020D08A /* FaultDataRepository.swift in Sources */,
				84AA327224E248D10020D08A /* ItemViewController.swift in Sources */,
				84AA324F24D7BD860020D08A /* HeroListViewController.swift in Sources */,
				8469069A25180735007CC039 /* Muriel.swift in Sources */,
				8468855C24E9E3150018DE60 /* Belica+Extension.swift in Sources */,
				84DB29A524E8C44200465587 /* CellFactory.swift in Sources */,
				846906722511576F007CC039 /* Boris+Extension.swift in Sources */,
				8468857624F1D8470018DE60 /* ItemBuilderViewController.swift in Sources */,
				846906AC251833EA007CC039 /* Steel+Extension.swift in Sources */,
				84AA326524DA48DF0020D08A /* URLRequest+Resource.swift in Sources */,
				84AA324424D7BCAB0020D08A /* MainLandingPageViewController.swift in Sources */,
				84AA326224DA27CA0020D08A /* Result.swift in Sources */,
				84AA321924D7591C0020D08A /* Fault_Build.xcdatamodeld in Sources */,
				84FDE330251BE43D00155A8C /* SelectHeroFilterViewController.swift in Sources */,
				846906B225188C48007CC039 /* HeroRole.swift in Sources */,
				8469069C25181A2E007CC039 /* Muriel+Extension.swift in Sources */,
				846906B025184128007CC039 /* Twinblast+Extension.swift in Sources */,
				8469066A250CA66B007CC039 /* SelectItemFilterViewController.swift in Sources */,
				8468856A24EE2F6F0018DE60 /* Ability.swift in Sources */,
				84AA325624D8EECE0020D08A /* Constants.swift in Sources */,
				84690680251331B0007CC039 /* Dekker+Extension.swift in Sources */,
				846906A025181DA2007CC039 /* Narbash+Extension.swift in Sources */,
			);
			runOnlyForDeploymentPostprocessing = 0;
		};
		84AA322024D759210020D08A /* Sources */ = {
			isa = PBXSourcesBuildPhase;
			buildActionMask = 2147483647;
			files = (
				84AA322924D759210020D08A /* Fault_BuildTests.swift in Sources */,
			);
			runOnlyForDeploymentPostprocessing = 0;
		};
/* End PBXSourcesBuildPhase section */

/* Begin PBXTargetDependency section */
		84AA322624D759210020D08A /* PBXTargetDependency */ = {
			isa = PBXTargetDependency;
			target = 84AA320824D7591C0020D08A /* Fault Build */;
			targetProxy = 84AA322524D759210020D08A /* PBXContainerItemProxy */;
		};
/* End PBXTargetDependency section */

/* Begin PBXVariantGroup section */
		84AA324124D7B5E90020D08A /* Localizable.strings */ = {
			isa = PBXVariantGroup;
			children = (
				84AA324024D7B5E90020D08A /* en */,
			);
			name = Localizable.strings;
			sourceTree = "<group>";
		};
/* End PBXVariantGroup section */

/* Begin XCBuildConfiguration section */
		84AA322B24D759210020D08A /* Debug */ = {
			isa = XCBuildConfiguration;
			buildSettings = {
				ALWAYS_SEARCH_USER_PATHS = NO;
				CLANG_ANALYZER_NONNULL = YES;
				CLANG_ANALYZER_NUMBER_OBJECT_CONVERSION = YES_AGGRESSIVE;
				CLANG_CXX_LANGUAGE_STANDARD = "gnu++14";
				CLANG_CXX_LIBRARY = "libc++";
				CLANG_ENABLE_MODULES = YES;
				CLANG_ENABLE_OBJC_ARC = YES;
				CLANG_ENABLE_OBJC_WEAK = YES;
				CLANG_WARN_BLOCK_CAPTURE_AUTORELEASING = YES;
				CLANG_WARN_BOOL_CONVERSION = YES;
				CLANG_WARN_COMMA = YES;
				CLANG_WARN_CONSTANT_CONVERSION = YES;
				CLANG_WARN_DEPRECATED_OBJC_IMPLEMENTATIONS = YES;
				CLANG_WARN_DIRECT_OBJC_ISA_USAGE = YES_ERROR;
				CLANG_WARN_DOCUMENTATION_COMMENTS = YES;
				CLANG_WARN_EMPTY_BODY = YES;
				CLANG_WARN_ENUM_CONVERSION = YES;
				CLANG_WARN_INFINITE_RECURSION = YES;
				CLANG_WARN_INT_CONVERSION = YES;
				CLANG_WARN_NON_LITERAL_NULL_CONVERSION = YES;
				CLANG_WARN_OBJC_IMPLICIT_RETAIN_SELF = YES;
				CLANG_WARN_OBJC_LITERAL_CONVERSION = YES;
				CLANG_WARN_OBJC_ROOT_CLASS = YES_ERROR;
				CLANG_WARN_RANGE_LOOP_ANALYSIS = YES;
				CLANG_WARN_STRICT_PROTOTYPES = YES;
				CLANG_WARN_SUSPICIOUS_MOVE = YES;
				CLANG_WARN_UNGUARDED_AVAILABILITY = YES_AGGRESSIVE;
				CLANG_WARN_UNREACHABLE_CODE = YES;
				CLANG_WARN__DUPLICATE_METHOD_MATCH = YES;
				COPY_PHASE_STRIP = NO;
				DEBUG_INFORMATION_FORMAT = dwarf;
				ENABLE_STRICT_OBJC_MSGSEND = YES;
				ENABLE_TESTABILITY = YES;
				GCC_C_LANGUAGE_STANDARD = gnu11;
				GCC_DYNAMIC_NO_PIC = NO;
				GCC_NO_COMMON_BLOCKS = YES;
				GCC_OPTIMIZATION_LEVEL = 0;
				GCC_PREPROCESSOR_DEFINITIONS = (
					"DEBUG=1",
					"$(inherited)",
				);
				GCC_WARN_64_TO_32_BIT_CONVERSION = YES;
				GCC_WARN_ABOUT_RETURN_TYPE = YES_ERROR;
				GCC_WARN_UNDECLARED_SELECTOR = YES;
				GCC_WARN_UNINITIALIZED_AUTOS = YES_AGGRESSIVE;
				GCC_WARN_UNUSED_FUNCTION = YES;
				GCC_WARN_UNUSED_VARIABLE = YES;
				IPHONEOS_DEPLOYMENT_TARGET = 13.2;
				MTL_ENABLE_DEBUG_INFO = INCLUDE_SOURCE;
				MTL_FAST_MATH = YES;
				ONLY_ACTIVE_ARCH = YES;
				SDKROOT = iphoneos;
				SWIFT_ACTIVE_COMPILATION_CONDITIONS = DEBUG;
				SWIFT_OPTIMIZATION_LEVEL = "-Onone";
			};
			name = Debug;
		};
		84AA322C24D759210020D08A /* Release */ = {
			isa = XCBuildConfiguration;
			buildSettings = {
				ALWAYS_SEARCH_USER_PATHS = NO;
				CLANG_ANALYZER_NONNULL = YES;
				CLANG_ANALYZER_NUMBER_OBJECT_CONVERSION = YES_AGGRESSIVE;
				CLANG_CXX_LANGUAGE_STANDARD = "gnu++14";
				CLANG_CXX_LIBRARY = "libc++";
				CLANG_ENABLE_MODULES = YES;
				CLANG_ENABLE_OBJC_ARC = YES;
				CLANG_ENABLE_OBJC_WEAK = YES;
				CLANG_WARN_BLOCK_CAPTURE_AUTORELEASING = YES;
				CLANG_WARN_BOOL_CONVERSION = YES;
				CLANG_WARN_COMMA = YES;
				CLANG_WARN_CONSTANT_CONVERSION = YES;
				CLANG_WARN_DEPRECATED_OBJC_IMPLEMENTATIONS = YES;
				CLANG_WARN_DIRECT_OBJC_ISA_USAGE = YES_ERROR;
				CLANG_WARN_DOCUMENTATION_COMMENTS = YES;
				CLANG_WARN_EMPTY_BODY = YES;
				CLANG_WARN_ENUM_CONVERSION = YES;
				CLANG_WARN_INFINITE_RECURSION = YES;
				CLANG_WARN_INT_CONVERSION = YES;
				CLANG_WARN_NON_LITERAL_NULL_CONVERSION = YES;
				CLANG_WARN_OBJC_IMPLICIT_RETAIN_SELF = YES;
				CLANG_WARN_OBJC_LITERAL_CONVERSION = YES;
				CLANG_WARN_OBJC_ROOT_CLASS = YES_ERROR;
				CLANG_WARN_RANGE_LOOP_ANALYSIS = YES;
				CLANG_WARN_STRICT_PROTOTYPES = YES;
				CLANG_WARN_SUSPICIOUS_MOVE = YES;
				CLANG_WARN_UNGUARDED_AVAILABILITY = YES_AGGRESSIVE;
				CLANG_WARN_UNREACHABLE_CODE = YES;
				CLANG_WARN__DUPLICATE_METHOD_MATCH = YES;
				COPY_PHASE_STRIP = NO;
				DEBUG_INFORMATION_FORMAT = "dwarf-with-dsym";
				ENABLE_NS_ASSERTIONS = NO;
				ENABLE_STRICT_OBJC_MSGSEND = YES;
				GCC_C_LANGUAGE_STANDARD = gnu11;
				GCC_NO_COMMON_BLOCKS = YES;
				GCC_WARN_64_TO_32_BIT_CONVERSION = YES;
				GCC_WARN_ABOUT_RETURN_TYPE = YES_ERROR;
				GCC_WARN_UNDECLARED_SELECTOR = YES;
				GCC_WARN_UNINITIALIZED_AUTOS = YES_AGGRESSIVE;
				GCC_WARN_UNUSED_FUNCTION = YES;
				GCC_WARN_UNUSED_VARIABLE = YES;
				IPHONEOS_DEPLOYMENT_TARGET = 13.2;
				MTL_ENABLE_DEBUG_INFO = NO;
				MTL_FAST_MATH = YES;
				SDKROOT = iphoneos;
				SWIFT_COMPILATION_MODE = wholemodule;
				SWIFT_OPTIMIZATION_LEVEL = "-O";
				VALIDATE_PRODUCT = YES;
			};
			name = Release;
		};
		84AA322E24D759210020D08A /* Debug */ = {
			isa = XCBuildConfiguration;
			buildSettings = {
				ASSETCATALOG_COMPILER_APPICON_NAME = AppIcon;
				CODE_SIGN_STYLE = Automatic;
				DEVELOPMENT_TEAM = 679H57RL57;
				INFOPLIST_FILE = "Fault Build/Info.plist";
				IPHONEOS_DEPLOYMENT_TARGET = 12.0;
				LD_RUNPATH_SEARCH_PATHS = (
					"$(inherited)",
					"@executable_path/Frameworks",
				);
				MARKETING_VERSION = 0.62;
				PRODUCT_BUNDLE_IDENTIFIER = com.jusdevstudios.faultbuilder;
				PRODUCT_NAME = "$(TARGET_NAME)";
				SWIFT_VERSION = 5.0;
				TARGETED_DEVICE_FAMILY = "1,2";
			};
			name = Debug;
		};
		84AA322F24D759210020D08A /* Release */ = {
			isa = XCBuildConfiguration;
			buildSettings = {
				ASSETCATALOG_COMPILER_APPICON_NAME = AppIcon;
				CODE_SIGN_STYLE = Automatic;
				DEVELOPMENT_TEAM = 679H57RL57;
				INFOPLIST_FILE = "Fault Build/Info.plist";
				IPHONEOS_DEPLOYMENT_TARGET = 12.0;
				LD_RUNPATH_SEARCH_PATHS = (
					"$(inherited)",
					"@executable_path/Frameworks",
				);
				MARKETING_VERSION = 0.62;
				PRODUCT_BUNDLE_IDENTIFIER = com.jusdevstudios.faultbuilder;
				PRODUCT_NAME = "$(TARGET_NAME)";
				SWIFT_VERSION = 5.0;
				TARGETED_DEVICE_FAMILY = "1,2";
			};
			name = Release;
		};
		84AA323124D759210020D08A /* Debug */ = {
			isa = XCBuildConfiguration;
			buildSettings = {
				ALWAYS_EMBED_SWIFT_STANDARD_LIBRARIES = YES;
				BUNDLE_LOADER = "$(TEST_HOST)";
				CODE_SIGN_STYLE = Automatic;
				INFOPLIST_FILE = "Fault BuildTests/Info.plist";
				IPHONEOS_DEPLOYMENT_TARGET = 13.2;
				LD_RUNPATH_SEARCH_PATHS = (
					"$(inherited)",
					"@executable_path/Frameworks",
					"@loader_path/Frameworks",
				);
				PRODUCT_BUNDLE_IDENTIFIER = "JusDevStudios.Fault-BuildTests";
				PRODUCT_NAME = "$(TARGET_NAME)";
				SWIFT_VERSION = 5.0;
				TARGETED_DEVICE_FAMILY = "1,2";
				TEST_HOST = "$(BUILT_PRODUCTS_DIR)/Fault Build.app/Fault Build";
			};
			name = Debug;
		};
		84AA323224D759210020D08A /* Release */ = {
			isa = XCBuildConfiguration;
			buildSettings = {
				ALWAYS_EMBED_SWIFT_STANDARD_LIBRARIES = YES;
				BUNDLE_LOADER = "$(TEST_HOST)";
				CODE_SIGN_STYLE = Automatic;
				INFOPLIST_FILE = "Fault BuildTests/Info.plist";
				IPHONEOS_DEPLOYMENT_TARGET = 13.2;
				LD_RUNPATH_SEARCH_PATHS = (
					"$(inherited)",
					"@executable_path/Frameworks",
					"@loader_path/Frameworks",
				);
				PRODUCT_BUNDLE_IDENTIFIER = "JusDevStudios.Fault-BuildTests";
				PRODUCT_NAME = "$(TARGET_NAME)";
				SWIFT_VERSION = 5.0;
				TARGETED_DEVICE_FAMILY = "1,2";
				TEST_HOST = "$(BUILT_PRODUCTS_DIR)/Fault Build.app/Fault Build";
			};
			name = Release;
		};
/* End XCBuildConfiguration section */

/* Begin XCConfigurationList section */
		84AA320424D7591C0020D08A /* Build configuration list for PBXProject "Fault Build" */ = {
			isa = XCConfigurationList;
			buildConfigurations = (
				84AA322B24D759210020D08A /* Debug */,
				84AA322C24D759210020D08A /* Release */,
			);
			defaultConfigurationIsVisible = 0;
			defaultConfigurationName = Release;
		};
		84AA322D24D759210020D08A /* Build configuration list for PBXNativeTarget "Fault Build" */ = {
			isa = XCConfigurationList;
			buildConfigurations = (
				84AA322E24D759210020D08A /* Debug */,
				84AA322F24D759210020D08A /* Release */,
			);
			defaultConfigurationIsVisible = 0;
			defaultConfigurationName = Release;
		};
		84AA323024D759210020D08A /* Build configuration list for PBXNativeTarget "Fault BuildTests" */ = {
			isa = XCConfigurationList;
			buildConfigurations = (
				84AA323124D759210020D08A /* Debug */,
				84AA323224D759210020D08A /* Release */,
			);
			defaultConfigurationIsVisible = 0;
			defaultConfigurationName = Release;
		};
/* End XCConfigurationList section */

/* Begin XCVersionGroup section */
		84AA321724D7591C0020D08A /* Fault_Build.xcdatamodeld */ = {
			isa = XCVersionGroup;
			children = (
				84AA321824D7591C0020D08A /* Fault_Build.xcdatamodel */,
			);
			currentVersion = 84AA321824D7591C0020D08A /* Fault_Build.xcdatamodel */;
			path = Fault_Build.xcdatamodeld;
			sourceTree = "<group>";
			versionGroupType = wrapper.xcdatamodel;
		};
/* End XCVersionGroup section */
	};
	rootObject = 84AA320124D7591C0020D08A /* Project object */;
}
